
Microsoft Visual Studio Solution File, Format Version 12.00
# Visual Studio Version 17
VisualStudioVersion = 17.5.33414.496
MinimumVisualStudioVersion = 10.0.40219.1
Project("{FAE04EC0-301F-11D3-BF4B-00C04F79EFBC}") = "WebView2Playground", "WebView2Playground.csproj", "{0A1A8A0A-7ED4-44FB-BC5E-593685AC1322}"
EndProject
Global
	GlobalSection(SolutionConfigurationPlatforms) = preSolution
		Debug|Any CPU = Debug|Any CPU
		Release|Any CPU = Release|Any CPU
	EndGlobalSection
	GlobalSection(ProjectConfigurationPlatforms) = postSolution
		{0A1A8A0A-7ED4-44FB-BC5E-593685AC1322}.Debug|Any CPU.ActiveCfg = Debug|Any CPU
		{0A1A8A0A-7ED4-44FB-BC5E-593685AC1322}.Debug|Any CPU.Build.0 = Debug|Any CPU
		{0A1A8A0A-7ED4-44FB-BC5E-593685AC1322}.Release|Any CPU.ActiveCfg = Release|Any CPU
		{0A1A8A0A-7ED4-44FB-BC5E-593685AC1322}.Release|Any CPU.Build.0 = Release|Any CPU
	EndGlobalSection
	GlobalSection(SolutionProperties) = preSolution
		HideSolutionNode = FALSE
	EndGlobalSection
	GlobalSection(ExtensibilityGlobals) = postSolution
		SolutionGuid = {2B955F70-610E-471A-8762-4AC75FC16B29}
	EndGlobalSection
EndGlobal
